// !$*UTF8*$!
{
	archiveVersion = 1;
	classes = {
	};
	objectVersion = 46;
	objects = {

/* Begin PBXBuildFile section */
		BC95B3851B71869600D90369 /* star_0.png in Resources */ = {isa = PBXBuildFile; fileRef = BC95B3831B71869600D90369 /* star_0.png */; };
		BC95B3861B71869600D90369 /* star_1.png in Resources */ = {isa = PBXBuildFile; fileRef = BC95B3841B71869600D90369 /* star_1.png */; };
		BC95B3881B718C9100D90369 /* AudioToolbox.framework in Frameworks */ = {isa = PBXBuildFile; fileRef = BC95B3871B718C9100D90369 /* AudioToolbox.framework */; };
		BC95B38A1B7197F300D90369 /* blackmusic2.wav in Resources */ = {isa = PBXBuildFile; fileRef = BC95B3891B7197F300D90369 /* blackmusic2.wav */; };
		BC95B38C1B71981300D90369 /* blackmusic1.wav in Resources */ = {isa = PBXBuildFile; fileRef = BC95B38B1B71981300D90369 /* blackmusic1.wav */; };
		BC95B38E1B71984300D90369 /* chess.wav in Resources */ = {isa = PBXBuildFile; fileRef = BC95B38D1B71984300D90369 /* chess.wav */; };
		BC95B3901B71993400D90369 /* win.wav in Resources */ = {isa = PBXBuildFile; fileRef = BC95B38F1B71993400D90369 /* win.wav */; };
		BC95B3951B71A0F000D90369 /* 选中白子.bmp in Resources */ = {isa = PBXBuildFile; fileRef = BC95B3911B71A0F000D90369 /* 选中白子.bmp */; };
		BC95B3961B71A0F000D90369 /* 选中黑子.bmp in Resources */ = {isa = PBXBuildFile; fileRef = BC95B3921B71A0F000D90369 /* 选中黑子.bmp */; };
		BC95B3971B71A0F000D90369 /* 白子副本.bmp in Resources */ = {isa = PBXBuildFile; fileRef = BC95B3931B71A0F000D90369 /* 白子副本.bmp */; };
		BC95B3981B71A0F000D90369 /* 黑子副本.bmp in Resources */ = {isa = PBXBuildFile; fileRef = BC95B3941B71A0F000D90369 /* 黑子副本.bmp */; };
		BC95B39B1B71A11C00D90369 /* ChessBoard.m in Sources */ = {isa = PBXBuildFile; fileRef = BC95B39A1B71A11C00D90369 /* ChessBoard.m */; };
		BC95B3A01B71B46300D90369 /* Ls_ThirdViewController.m in Sources */ = {isa = PBXBuildFile; fileRef = BC95B39D1B71B46300D90369 /* Ls_ThirdViewController.m */; };
		BC95B3A11B71B46300D90369 /* Ls_SecondViewController.m in Sources */ = {isa = PBXBuildFile; fileRef = BC95B39F1B71B46300D90369 /* Ls_SecondViewController.m */; };
		BC95B3A31B71B53F00D90369 /* beijing.jpg in Resources */ = {isa = PBXBuildFile; fileRef = BC95B3A21B71B53F00D90369 /* beijing.jpg */; };
		BC95B3A71B71B89D00D90369 /* Chessboard1.png in Resources */ = {isa = PBXBuildFile; fileRef = BC95B3A61B71B89D00D90369 /* Chessboard1.png */; };
		BC95B3B21B71BB9800D90369 /* 白子1.png in Resources */ = {isa = PBXBuildFile; fileRef = BC95B3AA1B71BB9800D90369 /* 白子1.png */; };
		BC95B3B41B71BB9800D90369 /* 黑子1.png in Resources */ = {isa = PBXBuildFile; fileRef = BC95B3AC1B71BB9800D90369 /* 黑子1.png */; };
		BC95B3B61B71BB9800D90369 /* Chessboard1.png in Resources */ = {isa = PBXBuildFile; fileRef = BC95B3AE1B71BB9800D90369 /* Chessboard1.png */; };
		BC95B3B71B71BB9800D90369 /* Chessboard2.png in Resources */ = {isa = PBXBuildFile; fileRef = BC95B3AF1B71BB9800D90369 /* Chessboard2.png */; };
		BC95B3B81B71BB9800D90369 /* p1.png in Resources */ = {isa = PBXBuildFile; fileRef = BC95B3B01B71BB9800D90369 /* p1.png */; };
		BC95B3B91B71BB9800D90369 /* p2.png in Resources */ = {isa = PBXBuildFile; fileRef = BC95B3B11B71BB9800D90369 /* p2.png */; };
		BC95B3BB1B71BC2B00D90369 /* background1.png in Resources */ = {isa = PBXBuildFile; fileRef = BC95B3BA1B71BC2B00D90369 /* background1.png */; };
		BC95B3C41B71C44300D90369 /* 白子1选中.png in Resources */ = {isa = PBXBuildFile; fileRef = BC95B3BC1B71C44300D90369 /* 白子1选中.png */; };
		BC95B3C51B71C44300D90369 /* 黑子1选中.png in Resources */ = {isa = PBXBuildFile; fileRef = BC95B3BD1B71C44300D90369 /* 黑子1选中.png */; };
		BC95B3C61B71C44300D90369 /* p11.png in Resources */ = {isa = PBXBuildFile; fileRef = BC95B3BE1B71C44300D90369 /* p11.png */; };
		BC95B3C71B71C44300D90369 /* p11选中.png in Resources */ = {isa = PBXBuildFile; fileRef = BC95B3BF1B71C44300D90369 /* p11选中.png */; };
		BC95B3C81B71C44300D90369 /* p22.png in Resources */ = {isa = PBXBuildFile; fileRef = BC95B3C01B71C44300D90369 /* p22.png */; };
		BC95B3C91B71C44300D90369 /* p22选中.png in Resources */ = {isa = PBXBuildFile; fileRef = BC95B3C11B71C44300D90369 /* p22选中.png */; };
		BC95B3CA1B71C44300D90369 /* star_0选中.png in Resources */ = {isa = PBXBuildFile; fileRef = BC95B3C21B71C44300D90369 /* star_0选中.png */; };
		BC95B3CB1B71C44300D90369 /* star_1选中.png in Resources */ = {isa = PBXBuildFile; fileRef = BC95B3C31B71C44300D90369 /* star_1选中.png */; };
		BC95B3CF1B71CD6700D90369 /* 禁手模式简介.png in Resources */ = {isa = PBXBuildFile; fileRef = BC95B3CE1B71CD6700D90369 /* 禁手模式简介.png */; };
		BC95B3D11B71CD7100D90369 /* 普通模式简介.png in Resources */ = {isa = PBXBuildFile; fileRef = BC95B3D01B71CD7100D90369 /* 普通模式简介.png */; };
		BC95B3D31B71CD7A00D90369 /* 图片模式简介.png in Resources */ = {isa = PBXBuildFile; fileRef = BC95B3D21B71CD7A00D90369 /* 图片模式简介.png */; };
		BC95B3D51B71D12B00D90369 /* 首页.png in Resources */ = {isa = PBXBuildFile; fileRef = BC95B3D41B71D12B00D90369 /* 首页.png */; };
		BC95B3D71B71D13600D90369 /* 按钮.png in Resources */ = {isa = PBXBuildFile; fileRef = BC95B3D61B71D13600D90369 /* 按钮.png */; };
		BC95B3D91B71D39F00D90369 /* 年轮.mp3 in Resources */ = {isa = PBXBuildFile; fileRef = BC95B3D81B71D39F00D90369 /* 年轮.mp3 */; };
		BCEA8EC71B70C4B600D9013A /* Foundation.framework in Frameworks */ = {isa = PBXBuildFile; fileRef = BCEA8EC61B70C4B600D9013A /* Foundation.framework */; };
		BCEA8EC91B70C4B600D9013A /* CoreGraphics.framework in Frameworks */ = {isa = PBXBuildFile; fileRef = BCEA8EC81B70C4B600D9013A /* CoreGraphics.framework */; };
		BCEA8ECB1B70C4B600D9013A /* UIKit.framework in Frameworks */ = {isa = PBXBuildFile; fileRef = BCEA8ECA1B70C4B600D9013A /* UIKit.framework */; };
		BCEA8ED11B70C4B600D9013A /* InfoPlist.strings in Resources */ = {isa = PBXBuildFile; fileRef = BCEA8ECF1B70C4B600D9013A /* InfoPlist.strings */; };
		BCEA8ED31B70C4B600D9013A /* main.m in Sources */ = {isa = PBXBuildFile; fileRef = BCEA8ED21B70C4B600D9013A /* main.m */; };
		BCEA8ED71B70C4B600D9013A /* AppDelegate.m in Sources */ = {isa = PBXBuildFile; fileRef = BCEA8ED61B70C4B600D9013A /* AppDelegate.m */; };
		BCEA8ED91B70C4B600D9013A /* Images.xcassets in Resources */ = {isa = PBXBuildFile; fileRef = BCEA8ED81B70C4B600D9013A /* Images.xcassets */; };
		BCEA8EE01B70C4B600D9013A /* XCTest.framework in Frameworks */ = {isa = PBXBuildFile; fileRef = BCEA8EDF1B70C4B600D9013A /* XCTest.framework */; };
		BCEA8EE11B70C4B600D9013A /* Foundation.framework in Frameworks */ = {isa = PBXBuildFile; fileRef = BCEA8EC61B70C4B600D9013A /* Foundation.framework */; };
		BCEA8EE21B70C4B600D9013A /* UIKit.framework in Frameworks */ = {isa = PBXBuildFile; fileRef = BCEA8ECA1B70C4B600D9013A /* UIKit.framework */; };
		BCEA8EEA1B70C4B600D9013A /* InfoPlist.strings in Resources */ = {isa = PBXBuildFile; fileRef = BCEA8EE81B70C4B600D9013A /* InfoPlist.strings */; };
		BCEA8EEC1B70C4B600D9013A /* Chess_fiveTests.m in Sources */ = {isa = PBXBuildFile; fileRef = BCEA8EEB1B70C4B600D9013A /* Chess_fiveTests.m */; };
		BCEA8EF71B70C50F00D9013A /* MainChessController.m in Sources */ = {isa = PBXBuildFile; fileRef = BCEA8EF61B70C50F00D9013A /* MainChessController.m */; };
		BCEA8EFA1B70C54A00D9013A /* IntroduceChessController.m in Sources */ = {isa = PBXBuildFile; fileRef = BCEA8EF91B70C54A00D9013A /* IntroduceChessController.m */; };
		BCEA8EFD1B70D5D000D9013A /* NormalChessController.m in Sources */ = {isa = PBXBuildFile; fileRef = BCEA8EFC1B70D5D000D9013A /* NormalChessController.m */; };
		BCEA8F001B70D5F600D9013A /* SpecialChessController.m in Sources */ = {isa = PBXBuildFile; fileRef = BCEA8EFF1B70D5F600D9013A /* SpecialChessController.m */; };
		BCEA8F031B70D61600D9013A /* PictureChessController.m in Sources */ = {isa = PBXBuildFile; fileRef = BCEA8F021B70D61600D9013A /* PictureChessController.m */; };
		BCEA8F0D1B71003C00D9013A /* AVFoundation.framework in Frameworks */ = {isa = PBXBuildFile; fileRef = BCEA8F0C1B71003C00D9013A /* AVFoundation.framework */; };
		BCEA8F1C1B71014300D9013A /* 点击按钮.aiff in Resources */ = {isa = PBXBuildFile; fileRef = BCEA8F121B71014300D9013A /* 点击按钮.aiff */; };
		BCEA8F1D1B71014300D9013A /* 背景音乐.caf in Resources */ = {isa = PBXBuildFile; fileRef = BCEA8F131B71014300D9013A /* 背景音乐.caf */; };
/* End PBXBuildFile section */

/* Begin PBXContainerItemProxy section */
		BCEA8EE31B70C4B600D9013A /* PBXContainerItemProxy */ = {
			isa = PBXContainerItemProxy;
			containerPortal = BCEA8EBB1B70C4B600D9013A /* Project object */;
			proxyType = 1;
			remoteGlobalIDString = BCEA8EC21B70C4B600D9013A;
			remoteInfo = Chess_five;
		};
/* End PBXContainerItemProxy section */

/* Begin PBXFileReference section */
		BC95B3831B71869600D90369 /* star_0.png */ = {isa = PBXFileReference; lastKnownFileType = image.png; path = star_0.png; sourceTree = "<group>"; };
		BC95B3841B71869600D90369 /* star_1.png */ = {isa = PBXFileReference; lastKnownFileType = image.png; path = star_1.png; sourceTree = "<group>"; };
		BC95B3871B718C9100D90369 /* AudioToolbox.framework */ = {isa = PBXFileReference; lastKnownFileType = wrapper.framework; name = AudioToolbox.framework; path = System/Library/Frameworks/AudioToolbox.framework; sourceTree = SDKROOT; };
		BC95B3891B7197F300D90369 /* blackmusic2.wav */ = {isa = PBXFileReference; lastKnownFileType = audio.wav; path = blackmusic2.wav; sourceTree = "<group>"; };
		BC95B38B1B71981300D90369 /* blackmusic1.wav */ = {isa = PBXFileReference; lastKnownFileType = audio.wav; path = blackmusic1.wav; sourceTree = "<group>"; };
		BC95B38D1B71984300D90369 /* chess.wav */ = {isa = PBXFileReference; lastKnownFileType = audio.wav; path = chess.wav; sourceTree = "<group>"; };
		BC95B38F1B71993400D90369 /* win.wav */ = {isa = PBXFileReference; lastKnownFileType = audio.wav; path = win.wav; sourceTree = "<group>"; };
		BC95B3911B71A0F000D90369 /* 选中白子.bmp */ = {isa = PBXFileReference; lastKnownFileType = image.bmp; path = "选中白子.bmp"; sourceTree = "<group>"; };
		BC95B3921B71A0F000D90369 /* 选中黑子.bmp */ = {isa = PBXFileReference; lastKnownFileType = image.bmp; path = "选中黑子.bmp"; sourceTree = "<group>"; };
		BC95B3931B71A0F000D90369 /* 白子副本.bmp */ = {isa = PBXFileReference; lastKnownFileType = image.bmp; path = "白子副本.bmp"; sourceTree = "<group>"; };
		BC95B3941B71A0F000D90369 /* 黑子副本.bmp */ = {isa = PBXFileReference; lastKnownFileType = image.bmp; path = "黑子副本.bmp"; sourceTree = "<group>"; };
		BC95B3991B71A11200D90369 /* ChessBoard.h */ = {isa = PBXFileReference; fileEncoding = 4; lastKnownFileType = sourcecode.c.h; path = ChessBoard.h; sourceTree = "<group>"; };
		BC95B39A1B71A11C00D90369 /* ChessBoard.m */ = {isa = PBXFileReference; fileEncoding = 4; lastKnownFileType = sourcecode.c.objc; path = ChessBoard.m; sourceTree = "<group>"; };
		BC95B39C1B71B46300D90369 /* Ls_ThirdViewController.h */ = {isa = PBXFileReference; fileEncoding = 4; lastKnownFileType = sourcecode.c.h; path = Ls_ThirdViewController.h; sourceTree = "<group>"; };
		BC95B39D1B71B46300D90369 /* Ls_ThirdViewController.m */ = {isa = PBXFileReference; fileEncoding = 4; lastKnownFileType = sourcecode.c.objc; path = Ls_ThirdViewController.m; sourceTree = "<group>"; };
		BC95B39E1B71B46300D90369 /* Ls_SecondViewController.h */ = {isa = PBXFileReference; fileEncoding = 4; lastKnownFileType = sourcecode.c.h; path = Ls_SecondViewController.h; sourceTree = "<group>"; };
		BC95B39F1B71B46300D90369 /* Ls_SecondViewController.m */ = {isa = PBXFileReference; fileEncoding = 4; lastKnownFileType = sourcecode.c.objc; path = Ls_SecondViewController.m; sourceTree = "<group>"; };
		BC95B3A21B71B53F00D90369 /* beijing.jpg */ = {isa = PBXFileReference; lastKnownFileType = image.jpeg; path = beijing.jpg; sourceTree = "<group>"; };
		BC95B3A61B71B89D00D90369 /* Chessboard1.png */ = {isa = PBXFileReference; lastKnownFileType = image.png; path = Chessboard1.png; sourceTree = "<group>"; };
		BC95B3AA1B71BB9800D90369 /* 白子1.png */ = {isa = PBXFileReference; lastKnownFileType = image.png; path = "白子1.png"; sourceTree = "<group>"; };
		BC95B3AC1B71BB9800D90369 /* 黑子1.png */ = {isa = PBXFileReference; lastKnownFileType = image.png; path = "黑子1.png"; sourceTree = "<group>"; };
		BC95B3AE1B71BB9800D90369 /* Chessboard1.png */ = {isa = PBXFileReference; lastKnownFileType = image.png; path = Chessboard1.png; sourceTree = "<group>"; };
		BC95B3AF1B71BB9800D90369 /* Chessboard2.png */ = {isa = PBXFileReference; lastKnownFileType = image.png; path = Chessboard2.png; sourceTree = "<group>"; };
		BC95B3B01B71BB9800D90369 /* p1.png */ = {isa = PBXFileReference; lastKnownFileType = image.png; path = p1.png; sourceTree = "<group>"; };
		BC95B3B11B71BB9800D90369 /* p2.png */ = {isa = PBXFileReference; lastKnownFileType = image.png; path = p2.png; sourceTree = "<group>"; };
		BC95B3BA1B71BC2B00D90369 /* background1.png */ = {isa = PBXFileReference; lastKnownFileType = image.png; path = background1.png; sourceTree = "<group>"; };
		BC95B3BC1B71C44300D90369 /* 白子1选中.png */ = {isa = PBXFileReference; lastKnownFileType = image.png; path = "白子1选中.png"; sourceTree = "<group>"; };
		BC95B3BD1B71C44300D90369 /* 黑子1选中.png */ = {isa = PBXFileReference; lastKnownFileType = image.png; path = "黑子1选中.png"; sourceTree = "<group>"; };
		BC95B3BE1B71C44300D90369 /* p11.png */ = {isa = PBXFileReference; lastKnownFileType = image.png; path = p11.png; sourceTree = "<group>"; };
		BC95B3BF1B71C44300D90369 /* p11选中.png */ = {isa = PBXFileReference; lastKnownFileType = image.png; path = "p11选中.png"; sourceTree = "<group>"; };
		BC95B3C01B71C44300D90369 /* p22.png */ = {isa = PBXFileReference; lastKnownFileType = image.png; path = p22.png; sourceTree = "<group>"; };
		BC95B3C11B71C44300D90369 /* p22选中.png */ = {isa = PBXFileReference; lastKnownFileType = image.png; path = "p22选中.png"; sourceTree = "<group>"; };
		BC95B3C21B71C44300D90369 /* star_0选中.png */ = {isa = PBXFileReference; lastKnownFileType = image.png; path = "star_0选中.png"; sourceTree = "<group>"; };
		BC95B3C31B71C44300D90369 /* star_1选中.png */ = {isa = PBXFileReference; lastKnownFileType = image.png; path = "star_1选中.png"; sourceTree = "<group>"; };
		BC95B3CE1B71CD6700D90369 /* 禁手模式简介.png */ = {isa = PBXFileReference; lastKnownFileType = image.png; path = "禁手模式简介.png"; sourceTree = "<group>"; };
		BC95B3D01B71CD7100D90369 /* 普通模式简介.png */ = {isa = PBXFileReference; lastKnownFileType = image.png; path = "普通模式简介.png"; sourceTree = "<group>"; };
		BC95B3D21B71CD7A00D90369 /* 图片模式简介.png */ = {isa = PBXFileReference; lastKnownFileType = image.png; path = "图片模式简介.png"; sourceTree = "<group>"; };
		BC95B3D41B71D12B00D90369 /* 首页.png */ = {isa = PBXFileReference; lastKnownFileType = image.png; path = "首页.png"; sourceTree = "<group>"; };
		BC95B3D61B71D13600D90369 /* 按钮.png */ = {isa = PBXFileReference; lastKnownFileType = image.png; path = "按钮.png"; sourceTree = "<group>"; };
		BC95B3D81B71D39F00D90369 /* 年轮.mp3 */ = {isa = PBXFileReference; lastKnownFileType = audio.mp3; path = "年轮.mp3"; sourceTree = "<group>"; };
		BCEA8EC31B70C4B600D9013A /* Chess_five.app */ = {isa = PBXFileReference; explicitFileType = wrapper.application; includeInIndex = 0; path = Chess_five.app; sourceTree = BUILT_PRODUCTS_DIR; };
		BCEA8EC61B70C4B600D9013A /* Foundation.framework */ = {isa = PBXFileReference; lastKnownFileType = wrapper.framework; name = Foundation.framework; path = System/Library/Frameworks/Foundation.framework; sourceTree = SDKROOT; };
		BCEA8EC81B70C4B600D9013A /* CoreGraphics.framework */ = {isa = PBXFileReference; lastKnownFileType = wrapper.framework; name = CoreGraphics.framework; path = System/Library/Frameworks/CoreGraphics.framework; sourceTree = SDKROOT; };
		BCEA8ECA1B70C4B600D9013A /* UIKit.framework */ = {isa = PBXFileReference; lastKnownFileType = wrapper.framework; name = UIKit.framework; path = System/Library/Frameworks/UIKit.framework; sourceTree = SDKROOT; };
		BCEA8ECE1B70C4B600D9013A /* Chess_five-Info.plist */ = {isa = PBXFileReference; lastKnownFileType = text.plist.xml; path = "Chess_five-Info.plist"; sourceTree = "<group>"; };
		BCEA8ED01B70C4B600D9013A /* en */ = {isa = PBXFileReference; lastKnownFileType = text.plist.strings; name = en; path = en.lproj/InfoPlist.strings; sourceTree = "<group>"; };
		BCEA8ED21B70C4B600D9013A /* main.m */ = {isa = PBXFileReference; lastKnownFileType = sourcecode.c.objc; path = main.m; sourceTree = "<group>"; };
		BCEA8ED41B70C4B600D9013A /* Chess_five-Prefix.pch */ = {isa = PBXFileReference; lastKnownFileType = sourcecode.c.h; path = "Chess_five-Prefix.pch"; sourceTree = "<group>"; };
		BCEA8ED51B70C4B600D9013A /* AppDelegate.h */ = {isa = PBXFileReference; lastKnownFileType = sourcecode.c.h; path = AppDelegate.h; sourceTree = "<group>"; };
		BCEA8ED61B70C4B600D9013A /* AppDelegate.m */ = {isa = PBXFileReference; lastKnownFileType = sourcecode.c.objc; path = AppDelegate.m; sourceTree = "<group>"; };
		BCEA8ED81B70C4B600D9013A /* Images.xcassets */ = {isa = PBXFileReference; lastKnownFileType = folder.assetcatalog; path = Images.xcassets; sourceTree = "<group>"; };
		BCEA8EDE1B70C4B600D9013A /* Chess_fiveTests.xctest */ = {isa = PBXFileReference; explicitFileType = wrapper.cfbundle; includeInIndex = 0; path = Chess_fiveTests.xctest; sourceTree = BUILT_PRODUCTS_DIR; };
		BCEA8EDF1B70C4B600D9013A /* XCTest.framework */ = {isa = PBXFileReference; lastKnownFileType = wrapper.framework; name = XCTest.framework; path = Library/Frameworks/XCTest.framework; sourceTree = DEVELOPER_DIR; };
		BCEA8EE71B70C4B600D9013A /* Chess_fiveTests-Info.plist */ = {isa = PBXFileReference; lastKnownFileType = text.plist.xml; path = "Chess_fiveTests-Info.plist"; sourceTree = "<group>"; };
		BCEA8EE91B70C4B600D9013A /* en */ = {isa = PBXFileReference; lastKnownFileType = text.plist.strings; name = en; path = en.lproj/InfoPlist.strings; sourceTree = "<group>"; };
		BCEA8EEB1B70C4B600D9013A /* Chess_fiveTests.m */ = {isa = PBXFileReference; lastKnownFileType = sourcecode.c.objc; path = Chess_fiveTests.m; sourceTree = "<group>"; };
		BCEA8EF51B70C50F00D9013A /* MainChessController.h */ = {isa = PBXFileReference; fileEncoding = 4; lastKnownFileType = sourcecode.c.h; path = MainChessController.h; sourceTree = "<group>"; };
		BCEA8EF61B70C50F00D9013A /* MainChessController.m */ = {isa = PBXFileReference; fileEncoding = 4; lastKnownFileType = sourcecode.c.objc; path = MainChessController.m; sourceTree = "<group>"; };
		BCEA8EF81B70C54A00D9013A /* IntroduceChessController.h */ = {isa = PBXFileReference; fileEncoding = 4; lastKnownFileType = sourcecode.c.h; path = IntroduceChessController.h; sourceTree = "<group>"; };
		BCEA8EF91B70C54A00D9013A /* IntroduceChessController.m */ = {isa = PBXFileReference; fileEncoding = 4; lastKnownFileType = sourcecode.c.objc; path = IntroduceChessController.m; sourceTree = "<group>"; };
		BCEA8EFB1B70D5D000D9013A /* NormalChessController.h */ = {isa = PBXFileReference; fileEncoding = 4; lastKnownFileType = sourcecode.c.h; path = NormalChessController.h; sourceTree = "<group>"; };
		BCEA8EFC1B70D5D000D9013A /* NormalChessController.m */ = {isa = PBXFileReference; fileEncoding = 4; lastKnownFileType = sourcecode.c.objc; path = NormalChessController.m; sourceTree = "<group>"; };
		BCEA8EFE1B70D5F600D9013A /* SpecialChessController.h */ = {isa = PBXFileReference; fileEncoding = 4; lastKnownFileType = sourcecode.c.h; path = SpecialChessController.h; sourceTree = "<group>"; };
		BCEA8EFF1B70D5F600D9013A /* SpecialChessController.m */ = {isa = PBXFileReference; fileEncoding = 4; lastKnownFileType = sourcecode.c.objc; path = SpecialChessController.m; sourceTree = "<group>"; };
		BCEA8F011B70D61600D9013A /* PictureChessController.h */ = {isa = PBXFileReference; fileEncoding = 4; lastKnownFileType = sourcecode.c.h; path = PictureChessController.h; sourceTree = "<group>"; };
		BCEA8F021B70D61600D9013A /* PictureChessController.m */ = {isa = PBXFileReference; fileEncoding = 4; lastKnownFileType = sourcecode.c.objc; path = PictureChessController.m; sourceTree = "<group>"; };
		BCEA8F0C1B71003C00D9013A /* AVFoundation.framework */ = {isa = PBXFileReference; lastKnownFileType = wrapper.framework; name = AVFoundation.framework; path = System/Library/Frameworks/AVFoundation.framework; sourceTree = SDKROOT; };
		BCEA8F121B71014300D9013A /* 点击按钮.aiff */ = {isa = PBXFileReference; lastKnownFileType = audio.aiff; path = "点击按钮.aiff"; sourceTree = "<group>"; };
		BCEA8F131B71014300D9013A /* 背景音乐.caf */ = {isa = PBXFileReference; lastKnownFileType = file; path = "背景音乐.caf"; sourceTree = "<group>"; };
/* End PBXFileReference section */

/* Begin PBXFrameworksBuildPhase section */
		BCEA8EC01B70C4B600D9013A /* Frameworks */ = {
			isa = PBXFrameworksBuildPhase;
			buildActionMask = 2147483647;
			files = (
				BC95B3881B718C9100D90369 /* AudioToolbox.framework in Frameworks */,
				BCEA8F0D1B71003C00D9013A /* AVFoundation.framework in Frameworks */,
				BCEA8EC91B70C4B600D9013A /* CoreGraphics.framework in Frameworks */,
				BCEA8ECB1B70C4B600D9013A /* UIKit.framework in Frameworks */,
				BCEA8EC71B70C4B600D9013A /* Foundation.framework in Frameworks */,
			);
			runOnlyForDeploymentPostprocessing = 0;
		};
		BCEA8EDB1B70C4B600D9013A /* Frameworks */ = {
			isa = PBXFrameworksBuildPhase;
			buildActionMask = 2147483647;
			files = (
				BCEA8EE01B70C4B600D9013A /* XCTest.framework in Frameworks */,
				BCEA8EE21B70C4B600D9013A /* UIKit.framework in Frameworks */,
				BCEA8EE11B70C4B600D9013A /* Foundation.framework in Frameworks */,
			);
			runOnlyForDeploymentPostprocessing = 0;
		};
/* End PBXFrameworksBuildPhase section */

/* Begin PBXGroup section */
		BCEA8EBA1B70C4B600D9013A = {
			isa = PBXGroup;
			children = (
				BCEA8ECC1B70C4B600D9013A /* Chess_five */,
				BCEA8EE51B70C4B600D9013A /* Chess_fiveTests */,
				BCEA8EC51B70C4B600D9013A /* Frameworks */,
				BCEA8EC41B70C4B600D9013A /* Products */,
			);
			sourceTree = "<group>";
		};
		BCEA8EC41B70C4B600D9013A /* Products */ = {
			isa = PBXGroup;
			children = (
				BCEA8EC31B70C4B600D9013A /* Chess_five.app */,
				BCEA8EDE1B70C4B600D9013A /* Chess_fiveTests.xctest */,
			);
			name = Products;
			sourceTree = "<group>";
		};
		BCEA8EC51B70C4B600D9013A /* Frameworks */ = {
			isa = PBXGroup;
			children = (
				BC95B3871B718C9100D90369 /* AudioToolbox.framework */,
				BCEA8F0C1B71003C00D9013A /* AVFoundation.framework */,
				BCEA8EC61B70C4B600D9013A /* Foundation.framework */,
				BCEA8EC81B70C4B600D9013A /* CoreGraphics.framework */,
				BCEA8ECA1B70C4B600D9013A /* UIKit.framework */,
				BCEA8EDF1B70C4B600D9013A /* XCTest.framework */,
			);
			name = Frameworks;
			sourceTree = "<group>";
		};
		BCEA8ECC1B70C4B600D9013A /* Chess_five */ = {
			isa = PBXGroup;
			children = (
				BC95B3D81B71D39F00D90369 /* 年轮.mp3 */,
				BC95B3D61B71D13600D90369 /* 按钮.png */,
				BC95B3D41B71D12B00D90369 /* 首页.png */,
				BC95B3D21B71CD7A00D90369 /* 图片模式简介.png */,
				BC95B3D01B71CD7100D90369 /* 普通模式简介.png */,
				BC95B3CE1B71CD6700D90369 /* 禁手模式简介.png */,
				BC95B3AA1B71BB9800D90369 /* 白子1.png */,
				BC95B3BA1B71BC2B00D90369 /* background1.png */,
				BC95B3AC1B71BB9800D90369 /* 黑子1.png */,
				BC95B3AE1B71BB9800D90369 /* Chessboard1.png */,
				BC95B3AF1B71BB9800D90369 /* Chessboard2.png */,
				BC95B3B01B71BB9800D90369 /* p1.png */,
				BC95B3B11B71BB9800D90369 /* p2.png */,
				BC95B3831B71869600D90369 /* star_0.png */,
				BC95B3841B71869600D90369 /* star_1.png */,
				BCEA8F0E1B71014300D9013A /* Resources */,
				BCEA8ED51B70C4B600D9013A /* AppDelegate.h */,
				BCEA8ED61B70C4B600D9013A /* AppDelegate.m */,
				BCEA8EF51B70C50F00D9013A /* MainChessController.h */,
				BCEA8EF61B70C50F00D9013A /* MainChessController.m */,
				BCEA8EF81B70C54A00D9013A /* IntroduceChessController.h */,
				BCEA8EF91B70C54A00D9013A /* IntroduceChessController.m */,
				BC95B39C1B71B46300D90369 /* Ls_ThirdViewController.h */,
				BC95B39D1B71B46300D90369 /* Ls_ThirdViewController.m */,
				BC95B39E1B71B46300D90369 /* Ls_SecondViewController.h */,
				BC95B39F1B71B46300D90369 /* Ls_SecondViewController.m */,
				BCEA8EFB1B70D5D000D9013A /* NormalChessController.h */,
				BCEA8EFC1B70D5D000D9013A /* NormalChessController.m */,
				BCEA8EFE1B70D5F600D9013A /* SpecialChessController.h */,
				BCEA8EFF1B70D5F600D9013A /* SpecialChessController.m */,
				BC95B3991B71A11200D90369 /* ChessBoard.h */,
				BC95B39A1B71A11C00D90369 /* ChessBoard.m */,
				BCEA8F011B70D61600D9013A /* PictureChessController.h */,
				BCEA8F021B70D61600D9013A /* PictureChessController.m */,
				BCEA8ED81B70C4B600D9013A /* Images.xcassets */,
				BCEA8ECD1B70C4B600D9013A /* Supporting Files */,
			);
			path = Chess_five;
			sourceTree = "<group>";
		};
		BCEA8ECD1B70C4B600D9013A /* Supporting Files */ = {
			isa = PBXGroup;
			children = (
				BCEA8ECE1B70C4B600D9013A /* Chess_five-Info.plist */,
				BCEA8ECF1B70C4B600D9013A /* InfoPlist.strings */,
				BCEA8ED21B70C4B600D9013A /* main.m */,
				BCEA8ED41B70C4B600D9013A /* Chess_five-Prefix.pch */,
			);
			name = "Supporting Files";
			sourceTree = "<group>";
		};
		BCEA8EE51B70C4B600D9013A /* Chess_fiveTests */ = {
			isa = PBXGroup;
			children = (
				BCEA8EEB1B70C4B600D9013A /* Chess_fiveTests.m */,
				BCEA8EE61B70C4B600D9013A /* Supporting Files */,
			);
			path = Chess_fiveTests;
			sourceTree = "<group>";
		};
		BCEA8EE61B70C4B600D9013A /* Supporting Files */ = {
			isa = PBXGroup;
			children = (
				BCEA8EE71B70C4B600D9013A /* Chess_fiveTests-Info.plist */,
				BCEA8EE81B70C4B600D9013A /* InfoPlist.strings */,
			);
			name = "Supporting Files";
			sourceTree = "<group>";
		};
		BCEA8F0E1B71014300D9013A /* Resources */ = {
			isa = PBXGroup;
			children = (
				BC95B3BC1B71C44300D90369 /* 白子1选中.png */,
				BC95B3BD1B71C44300D90369 /* 黑子1选中.png */,
				BC95B3BE1B71C44300D90369 /* p11.png */,
				BC95B3BF1B71C44300D90369 /* p11选中.png */,
				BC95B3C01B71C44300D90369 /* p22.png */,
				BC95B3C11B71C44300D90369 /* p22选中.png */,
				BC95B3C21B71C44300D90369 /* star_0选中.png */,
				BC95B3C31B71C44300D90369 /* star_1选中.png */,
				BC95B3A61B71B89D00D90369 /* Chessboard1.png */,
				BC95B3A21B71B53F00D90369 /* beijing.jpg */,
				BC95B3911B71A0F000D90369 /* 选中白子.bmp */,
				BC95B3921B71A0F000D90369 /* 选中黑子.bmp */,
				BC95B3931B71A0F000D90369 /* 白子副本.bmp */,
				BC95B3941B71A0F000D90369 /* 黑子副本.bmp */,
				BC95B38F1B71993400D90369 /* win.wav */,
				BC95B38D1B71984300D90369 /* chess.wav */,
				BC95B38B1B71981300D90369 /* blackmusic1.wav */,
				BC95B3891B7197F300D90369 /* blackmusic2.wav */,
				BCEA8F0F1B71014300D9013A /* Audio */,
			);
			path = Resources;
			sourceTree = "<group>";
		};
		BCEA8F0F1B71014300D9013A /* Audio */ = {
			isa = PBXGroup;
			children = (
				BCEA8F121B71014300D9013A /* 点击按钮.aiff */,
				BCEA8F131B71014300D9013A /* 背景音乐.caf */,
			);
			path = Audio;
			sourceTree = "<group>";
		};
/* End PBXGroup section */

/* Begin PBXNativeTarget section */
		BCEA8EC21B70C4B600D9013A /* Chess_five */ = {
			isa = PBXNativeTarget;
			buildConfigurationList = BCEA8EEF1B70C4B600D9013A /* Build configuration list for PBXNativeTarget "Chess_five" */;
			buildPhases = (
				BCEA8EBF1B70C4B600D9013A /* Sources */,
				BCEA8EC01B70C4B600D9013A /* Frameworks */,
				BCEA8EC11B70C4B600D9013A /* Resources */,
			);
			buildRules = (
			);
			dependencies = (
			);
			name = Chess_five;
			productName = Chess_five;
			productReference = BCEA8EC31B70C4B600D9013A /* Chess_five.app */;
			productType = "com.apple.product-type.application";
		};
		BCEA8EDD1B70C4B600D9013A /* Chess_fiveTests */ = {
			isa = PBXNativeTarget;
			buildConfigurationList = BCEA8EF21B70C4B600D9013A /* Build configuration list for PBXNativeTarget "Chess_fiveTests" */;
			buildPhases = (
				BCEA8EDA1B70C4B600D9013A /* Sources */,
				BCEA8EDB1B70C4B600D9013A /* Frameworks */,
				BCEA8EDC1B70C4B600D9013A /* Resources */,
			);
			buildRules = (
			);
			dependencies = (
				BCEA8EE41B70C4B600D9013A /* PBXTargetDependency */,
			);
			name = Chess_fiveTests;
			productName = Chess_fiveTests;
			productReference = BCEA8EDE1B70C4B600D9013A /* Chess_fiveTests.xctest */;
			productType = "com.apple.product-type.bundle.unit-test";
		};
/* End PBXNativeTarget section */

/* Begin PBXProject section */
		BCEA8EBB1B70C4B600D9013A /* Project object */ = {
			isa = PBXProject;
			attributes = {
				LastUpgradeCheck = 0500;
				ORGANIZATIONNAME = yanda;
				TargetAttributes = {
					BCEA8EDD1B70C4B600D9013A = {
						TestTargetID = BCEA8EC21B70C4B600D9013A;
					};
				};
			};
			buildConfigurationList = BCEA8EBE1B70C4B600D9013A /* Build configuration list for PBXProject "Chess_five" */;
			compatibilityVersion = "Xcode 3.2";
			developmentRegion = English;
			hasScannedForEncodings = 0;
			knownRegions = (
				en,
			);
			mainGroup = BCEA8EBA1B70C4B600D9013A;
			productRefGroup = BCEA8EC41B70C4B600D9013A /* Products */;
			projectDirPath = "";
			projectRoot = "";
			targets = (
				BCEA8EC21B70C4B600D9013A /* Chess_five */,
				BCEA8EDD1B70C4B600D9013A /* Chess_fiveTests */,
			);
		};
/* End PBXProject section */

/* Begin PBXResourcesBuildPhase section */
		BCEA8EC11B70C4B600D9013A /* Resources */ = {
			isa = PBXResourcesBuildPhase;
			buildActionMask = 2147483647;
			files = (
				BC95B3D71B71D13600D90369 /* 按钮.png in Resources */,
				BC95B3901B71993400D90369 /* win.wav in Resources */,
				BC95B3B41B71BB9800D90369 /* 黑子1.png in Resources */,
				BC95B3BB1B71BC2B00D90369 /* background1.png in Resources */,
				BC95B3D31B71CD7A00D90369 /* 图片模式简介.png in Resources */,
				BC95B3981B71A0F000D90369 /* 黑子副本.bmp in Resources */,
				BC95B3C41B71C44300D90369 /* 白子1选中.png in Resources */,
				BC95B38A1B7197F300D90369 /* blackmusic2.wav in Resources */,
				BC95B3C61B71C44300D90369 /* p11.png in Resources */,
				BC95B3B21B71BB9800D90369 /* 白子1.png in Resources */,
				BC95B3CA1B71C44300D90369 /* star_0选中.png in Resources */,
				BC95B3971B71A0F000D90369 /* 白子副本.bmp in Resources */,
				BC95B3B61B71BB9800D90369 /* Chessboard1.png in Resources */,
				BC95B3861B71869600D90369 /* star_1.png in Resources */,
				BC95B3D51B71D12B00D90369 /* 首页.png in Resources */,
				BCEA8F1D1B71014300D9013A /* 背景音乐.caf in Resources */,
				BC95B3D91B71D39F00D90369 /* 年轮.mp3 in Resources */,
				BC95B3A31B71B53F00D90369 /* beijing.jpg in Resources */,
				BC95B3C81B71C44300D90369 /* p22.png in Resources */,
				BC95B3B71B71BB9800D90369 /* Chessboard2.png in Resources */,
				BC95B3B91B71BB9800D90369 /* p2.png in Resources */,
				BC95B3B81B71BB9800D90369 /* p1.png in Resources */,
				BC95B3C71B71C44300D90369 /* p11选中.png in Resources */,
				BC95B3A71B71B89D00D90369 /* Chessboard1.png in Resources */,
				BC95B3851B71869600D90369 /* star_0.png in Resources */,
				BC95B3951B71A0F000D90369 /* 选中白子.bmp in Resources */,
				BC95B38E1B71984300D90369 /* chess.wav in Resources */,
				BC95B3C91B71C44300D90369 /* p22选中.png in Resources */,
				BCEA8ED11B70C4B600D9013A /* InfoPlist.strings in Resources */,
				BC95B3CF1B71CD6700D90369 /* 禁手模式简介.png in Resources */,
				BC95B3C51B71C44300D90369 /* 黑子1选中.png in Resources */,
				BC95B38C1B71981300D90369 /* blackmusic1.wav in Resources */,
				BC95B3961B71A0F000D90369 /* 选中黑子.bmp in Resources */,
				BCEA8ED91B70C4B600D9013A /* Images.xcassets in Resources */,
				BC95B3CB1B71C44300D90369 /* star_1选中.png in Resources */,
				BC95B3D11B71CD7100D90369 /* 普通模式简介.png in Resources */,
				BCEA8F1C1B71014300D9013A /* 点击按钮.aiff in Resources */,
			);
			runOnlyForDeploymentPostprocessing = 0;
		};
		BCEA8EDC1B70C4B600D9013A /* Resources */ = {
			isa = PBXResourcesBuildPhase;
			buildActionMask = 2147483647;
			files = (
				BCEA8EEA1B70C4B600D9013A /* InfoPlist.strings in Resources */,
			);
			runOnlyForDeploymentPostprocessing = 0;
		};
/* End PBXResourcesBuildPhase section */

/* Begin PBXSourcesBuildPhase section */
		BCEA8EBF1B70C4B600D9013A /* Sources */ = {
			isa = PBXSourcesBuildPhase;
			buildActionMask = 2147483647;
			files = (
				BCEA8EFA1B70C54A00D9013A /* IntroduceChessController.m in Sources */,
				BC95B3A01B71B46300D90369 /* Ls_ThirdViewController.m in Sources */,
				BCEA8F031B70D61600D9013A /* PictureChessController.m in Sources */,
				BCEA8ED71B70C4B600D9013A /* AppDelegate.m in Sources */,
				BCEA8F001B70D5F600D9013A /* SpecialChessController.m in Sources */,
				BC95B3A11B71B46300D90369 /* Ls_SecondViewController.m in Sources */,
				BCEA8EFD1B70D5D000D9013A /* NormalChessController.m in Sources */,
				BC95B39B1B71A11C00D90369 /* ChessBoard.m in Sources */,
				BCEA8EF71B70C50F00D9013A /* MainChessController.m in Sources */,
				BCEA8ED31B70C4B600D9013A /* main.m in Sources */,
			);
			runOnlyForDeploymentPostprocessing = 0;
		};
		BCEA8EDA1B70C4B600D9013A /* Sources */ = {
			isa = PBXSourcesBuildPhase;
			buildActionMask = 2147483647;
			files = (
				BCEA8EEC1B70C4B600D9013A /* Chess_fiveTests.m in Sources */,
			);
			runOnlyForDeploymentPostprocessing = 0;
		};
/* End PBXSourcesBuildPhase section */

/* Begin PBXTargetDependency section */
		BCEA8EE41B70C4B600D9013A /* PBXTargetDependency */ = {
			isa = PBXTargetDependency;
			target = BCEA8EC21B70C4B600D9013A /* Chess_five */;
			targetProxy = BCEA8EE31B70C4B600D9013A /* PBXContainerItemProxy */;
		};
/* End PBXTargetDependency section */

/* Begin PBXVariantGroup section */
		BCEA8ECF1B70C4B600D9013A /* InfoPlist.strings */ = {
			isa = PBXVariantGroup;
			children = (
				BCEA8ED01B70C4B600D9013A /* en */,
			);
			name = InfoPlist.strings;
			sourceTree = "<group>";
		};
		BCEA8EE81B70C4B600D9013A /* InfoPlist.strings */ = {
			isa = PBXVariantGroup;
			children = (
				BCEA8EE91B70C4B600D9013A /* en */,
			);
			name = InfoPlist.strings;
			sourceTree = "<group>";
		};
/* End PBXVariantGroup section */

/* Begin XCBuildConfiguration section */
		BCEA8EED1B70C4B600D9013A /* Debug */ = {
			isa = XCBuildConfiguration;
			buildSettings = {
				ALWAYS_SEARCH_USER_PATHS = NO;
				ARCHS = "$(ARCHS_STANDARD_INCLUDING_64_BIT)";
				CLANG_CXX_LANGUAGE_STANDARD = "gnu++0x";
				CLANG_CXX_LIBRARY = "libc++";
				CLANG_ENABLE_MODULES = YES;
				CLANG_ENABLE_OBJC_ARC = YES;
				CLANG_WARN_BOOL_CONVERSION = YES;
				CLANG_WARN_CONSTANT_CONVERSION = YES;
				CLANG_WARN_DIRECT_OBJC_ISA_USAGE = YES_ERROR;
				CLANG_WARN_EMPTY_BODY = YES;
				CLANG_WARN_ENUM_CONVERSION = YES;
				CLANG_WARN_INT_CONVERSION = YES;
				CLANG_WARN_OBJC_ROOT_CLASS = YES_ERROR;
				CLANG_WARN__DUPLICATE_METHOD_MATCH = YES;
				"CODE_SIGN_IDENTITY[sdk=iphoneos*]" = "iPhone Developer";
				COPY_PHASE_STRIP = NO;
				GCC_C_LANGUAGE_STANDARD = gnu99;
				GCC_DYNAMIC_NO_PIC = NO;
				GCC_OPTIMIZATION_LEVEL = 0;
				GCC_PREPROCESSOR_DEFINITIONS = (
					"DEBUG=1",
					"$(inherited)",
				);
				GCC_SYMBOLS_PRIVATE_EXTERN = NO;
				GCC_WARN_64_TO_32_BIT_CONVERSION = YES;
				GCC_WARN_ABOUT_RETURN_TYPE = YES_ERROR;
				GCC_WARN_UNDECLARED_SELECTOR = YES;
				GCC_WARN_UNINITIALIZED_AUTOS = YES;
				GCC_WARN_UNUSED_FUNCTION = YES;
				GCC_WARN_UNUSED_VARIABLE = YES;
				IPHONEOS_DEPLOYMENT_TARGET = 7.0;
				ONLY_ACTIVE_ARCH = YES;
				SDKROOT = iphoneos;
			};
			name = Debug;
		};
		BCEA8EEE1B70C4B600D9013A /* Release */ = {
			isa = XCBuildConfiguration;
			buildSettings = {
				ALWAYS_SEARCH_USER_PATHS = NO;
				ARCHS = "$(ARCHS_STANDARD_INCLUDING_64_BIT)";
				CLANG_CXX_LANGUAGE_STANDARD = "gnu++0x";
				CLANG_CXX_LIBRARY = "libc++";
				CLANG_ENABLE_MODULES = YES;
				CLANG_ENABLE_OBJC_ARC = YES;
				CLANG_WARN_BOOL_CONVERSION = YES;
				CLANG_WARN_CONSTANT_CONVERSION = YES;
				CLANG_WARN_DIRECT_OBJC_ISA_USAGE = YES_ERROR;
				CLANG_WARN_EMPTY_BODY = YES;
				CLANG_WARN_ENUM_CONVERSION = YES;
				CLANG_WARN_INT_CONVERSION = YES;
				CLANG_WARN_OBJC_ROOT_CLASS = YES_ERROR;
				CLANG_WARN__DUPLICATE_METHOD_MATCH = YES;
				"CODE_SIGN_IDENTITY[sdk=iphoneos*]" = "iPhone Developer";
				COPY_PHASE_STRIP = YES;
				ENABLE_NS_ASSERTIONS = NO;
				GCC_C_LANGUAGE_STANDARD = gnu99;
				GCC_WARN_64_TO_32_BIT_CONVERSION = YES;
				GCC_WARN_ABOUT_RETURN_TYPE = YES_ERROR;
				GCC_WARN_UNDECLARED_SELECTOR = YES;
				GCC_WARN_UNINITIALIZED_AUTOS = YES;
				GCC_WARN_UNUSED_FUNCTION = YES;
				GCC_WARN_UNUSED_VARIABLE = YES;
				IPHONEOS_DEPLOYMENT_TARGET = 7.0;
				SDKROOT = iphoneos;
				VALIDATE_PRODUCT = YES;
			};
			name = Release;
		};
		BCEA8EF01B70C4B600D9013A /* Debug */ = {
			isa = XCBuildConfiguration;
			buildSettings = {
				ASSETCATALOG_COMPILER_APPICON_NAME = AppIcon;
				ASSETCATALOG_COMPILER_LAUNCHIMAGE_NAME = LaunchImage;
				GCC_PRECOMPILE_PREFIX_HEADER = YES;
				GCC_PREFIX_HEADER = "Chess_five/Chess_five-Prefix.pch";
				INFOPLIST_FILE = "Chess_five/Chess_five-Info.plist";
				PRODUCT_NAME = "$(TARGET_NAME)";
				WRAPPER_EXTENSION = app;
			};
			name = Debug;
		};
		BCEA8EF11B70C4B600D9013A /* Release */ = {
			isa = XCBuildConfiguration;
			buildSettings = {
				ASSETCATALOG_COMPILER_APPICON_NAME = AppIcon;
				ASSETCATALOG_COMPILER_LAUNCHIMAGE_NAME = LaunchImage;
				GCC_PRECOMPILE_PREFIX_HEADER = YES;
				GCC_PREFIX_HEADER = "Chess_five/Chess_five-Prefix.pch";
				INFOPLIST_FILE = "Chess_five/Chess_five-Info.plist";
				PRODUCT_NAME = "$(TARGET_NAME)";
				WRAPPER_EXTENSION = app;
			};
			name = Release;
		};
		BCEA8EF31B70C4B600D9013A /* Debug */ = {
			isa = XCBuildConfiguration;
			buildSettings = {
				ARCHS = "$(ARCHS_STANDARD_INCLUDING_64_BIT)";
				BUNDLE_LOADER = "$(BUILT_PRODUCTS_DIR)/Chess_five.app/Chess_five";
				FRAMEWORK_SEARCH_PATHS = (
					"$(SDKROOT)/Developer/Library/Frameworks",
					"$(inherited)",
					"$(DEVELOPER_FRAMEWORKS_DIR)",
				);
				GCC_PRECOMPILE_PREFIX_HEADER = YES;
				GCC_PREFIX_HEADER = "Chess_five/Chess_five-Prefix.pch";
				GCC_PREPROCESSOR_DEFINITIONS = (
					"DEBUG=1",
					"$(inherited)",
				);
				INFOPLIST_FILE = "Chess_fiveTests/Chess_fiveTests-Info.plist";
				PRODUCT_NAME = "$(TARGET_NAME)";
				TEST_HOST = "$(BUNDLE_LOADER)";
				WRAPPER_EXTENSION = xctest;
			};
			name = Debug;
		};
		BCEA8EF41B70C4B600D9013A /* Release */ = {
			isa = XCBuildConfiguration;
			buildSettings = {
				ARCHS = "$(ARCHS_STANDARD_INCLUDING_64_BIT)";
				BUNDLE_LOADER = "$(BUILT_PRODUCTS_DIR)/Chess_five.app/Chess_five";
				FRAMEWORK_SEARCH_PATHS = (
					"$(SDKROOT)/Developer/Library/Frameworks",
					"$(inherited)",
					"$(DEVELOPER_FRAMEWORKS_DIR)",
				);
				GCC_PRECOMPILE_PREFIX_HEADER = YES;
				GCC_PREFIX_HEADER = "Chess_five/Chess_five-Prefix.pch";
				INFOPLIST_FILE = "Chess_fiveTests/Chess_fiveTests-Info.plist";
				PRODUCT_NAME = "$(TARGET_NAME)";
				TEST_HOST = "$(BUNDLE_LOADER)";
				WRAPPER_EXTENSION = xctest;
			};
			name = Release;
		};
/* End XCBuildConfiguration section */

/* Begin XCConfigurationList section */
		BCEA8EBE1B70C4B600D9013A /* Build configuration list for PBXProject "Chess_five" */ = {
			isa = XCConfigurationList;
			buildConfigurations = (
				BCEA8EED1B70C4B600D9013A /* Debug */,
				BCEA8EEE1B70C4B600D9013A /* Release */,
			);
			defaultConfigurationIsVisible = 0;
			defaultConfigurationName = Release;
		};
		BCEA8EEF1B70C4B600D9013A /* Build configuration list for PBXNativeTarget "Chess_five" */ = {
			isa = XCConfigurationList;
			buildConfigurations = (
				BCEA8EF01B70C4B600D9013A /* Debug */,
				BCEA8EF11B70C4B600D9013A /* Release */,
			);
			defaultConfigurationIsVisible = 0;
			defaultConfigurationName = Release;
		};
		BCEA8EF21B70C4B600D9013A /* Build configuration list for PBXNativeTarget "Chess_fiveTests" */ = {
			isa = XCConfigurationList;
			buildConfigurations = (
				BCEA8EF31B70C4B600D9013A /* Debug */,
				BCEA8EF41B70C4B600D9013A /* Release */,
			);
			defaultConfigurationIsVisible = 0;
			defaultConfigurationName = Release;
		};
/* End XCConfigurationList section */
	};
	rootObject = BCEA8EBB1B70C4B600D9013A /* Project object */;
}
